github.com/BGrewell/go-conversions v0.0.0-20201201224711-feb7ac91141b h1:cJKjZLm5gsg6Gl7ObSJKWAeI6D+CeJCepdZIDrJBeD4=
github.com/BGrewell/go-conversions v0.0.0-20201201224711-feb7ac91141b/go.mod h1:F9LFbv74IsCpcOhmhzZtmD9D828z1iSk7HFbPYCBr78=
github.com/BGrewell/go-conversions v0.0.0-20201201225017-7cff497ef4bf h1:LTR/a38w1A4KpHGLUmocjbsYKaGTPCjeHiaaNnOaFoM=
github.com/BGrewell/go-conversions v0.0.0-20201201225017-7cff497ef4bf/go.mod h1:F9LFbv74IsCpcOhmhzZtmD9D828z1iSk7HFbPYCBr78=
github.com/BGrewell/go-conversions v0.0.0-20201201225453-e490527d5bf9 h1:Kr+OWCnFmjeaiYVgSYFM0khfKccBZJR3fNgvYZ5e5Kg=
github.com/BGrewell/go-conversions v0.0.0-20201201225453-e490527d5bf9/go.mod h1:F9LFbv74IsCpcOhmhzZtmD9D828z1iSk7HFbPYCBr78=
github.com/BGrewell/go-conversions v0.0.0-20201201225524-2fe88426770b h1:pDgXedutfYyUOVPYC37sbQOd06y2UqFy6ZuDilfOzP4=
github.com/BGrewell/go-conversions v0.0.0-20201201225524-2fe88426770b/go.mod h1:F9LFbv74IsCpcOhmhzZtmD9D828z1iSk7HFbPYCBr78=
github.com/BGrewell/go-conversions v0.0.0-20201202233444-ad3426fa9602 h1:zjNAOOMe/aROWe+8IFOS5KZLIn06+Sg/3d+NVVINM/0=
github.com/BGrewell/go-conversions v0.0.0-20201202233444-ad3426fa9602/go.mod h1:F9LFbv74IsCpcOhmhzZtmD9D828z1iSk7HFbPYCBr78=
github.com/BGrewell/go-conversions v0.0.0-20201203153237-208ed537d606/go.mod h1:F9LFbv74IsCpcOhmhzZtmD9D828z1iSk7HFbPYCBr78=
github.com/BGrewell/go-conversions v0.0.0-20201203153424-7bb733fcbd14 h1:0B3c+U5eWNfVlYSUIWdqgb9jZGXox/0km3E86JxPx90=
github.com/BGrewell/go-conversions v0.0.0-20201203153424-7bb733fcbd14/go.mod h1:F9LFbv74IsCpcOhmhzZtmD9D828z1iSk7HFbPYCBr78=
github.com/BGrewell/go-conversions v0.0.0-20201203155646-5e189e4ca087 h1:/ZR3IHtTSPqwzYQSfZYwGjrmDI5c1u2jEDDtT75Fmqw=
github.com/BGrewell/go-conversions v0.0.0-20201203155646-5e189e4ca087/go.mod h1:XtXcz/MP04vhr6c6R/5gZPJZVQpbXlFsKTHr5yy/5sU=
github.com/BGrewell/go-execute v0.0.0-20201202040859-25e4263ffa3e h1:/YWCvvb+CSnZ1T46L66oD1UUKQ1nDVRJd+iErdjoFUA=
github.com/BGrewell/go-execute v0.0.0-20201202040859-25e4263ffa3e/go.mod h1:irmyBBFWfBYjJjab9aS+pbOD83rjwmQigi2Ut61OVo0=
github.com/BGrewell/go-execute v0.0.0-20201202044328-d918e6b43d05 h1:lTHLIkrefQG3ED4iI6r89byTeREfPlXrHDZg4FnIEO4=
github.com/BGrewell/go-execute v0.0.0-20201202044328-d918e6b43d05/go.mod h1:irmyBBFWfBYjJjab9aS+pbOD83rjwmQigi2Ut61OVo0=
github.com/BGrewell/go-execute v0.0.0-20201202155822-8226626d8ea9 h1:xM94amHmg0QRs/fjOAwZhl3kfDs652r2DNujqxLBtDQ=
github.com/BGrewell/go-execute v0.0.0-20201202155822-8226626d8ea9/go.mod h1:irmyBBFWfBYjJjab9aS+pbOD83rjwmQigi2Ut61OVo0=
github.com/BGrewell/go-execute v0.0.0-20201202215832-8b8e8cd60e34 h1:04kYrgtjMgX6pgUNpQUBBlOO3qR4pDVj0IFSxLYPcHg=
github.com/BGrewell/go-execute v0.0.0-20201202215832-8b8e8cd60e34/go.mod h1:irmyBBFWfBYjJjab9aS+pbOD83rjwmQigi2Ut61OVo0=
github.com/BGrewell/go-execute v0.0.0-20201202220614-0b35c0a82ca6 h1:OgAvxm13wrrIjrIiVMvrALMXxED3CvcRMrvhEGE9GZ0=
github.com/BGrewell/go-execute v0.0.0-20201202220614-0b35c0a82ca6/go.mod h1:irmyBBFWfBYjJjab9aS+pbOD83rjwmQigi2Ut61OVo0=
github.com/BGrewell/go-execute v0.0.0-20201203151432-2c228cd4ff39 h1:GWv/A2qf07qHOxe7WsFyBMkTVg2MEWilBmiIDCqnTlk=
github.com/BGrewell/go-execute v0.0.0-20201203151432-2c228cd4ff39/go.mod h1:irmyBBFWfBYjJjab9aS+pbOD83rjwmQigi2Ut61OVo0=
github.com/BGrewell/go-execute v0.0.0-20201203151854-63ba2eaa2df8 h1:WXX/rCNJaYR4RbJ+KwM4h1rJ+bGvzdGHP0362174GVc=
github.com/BGrewell/go-execute v0.0.0-20201203151854-63ba2eaa2df8/go.mod h1:irmyBBFWfBYjJjab9aS+pbOD83rjwmQigi2Ut61OVo0=
github.com/BGrewell/go-execute v0.0.0-20201203153454-ce91f7bf2f05 h1:I9p4H0UpRTepJqqJQA6J58U2iZFvG6O9nh5W2+KbjxQ=
github.com/BGrewell/go-execute v0.0.0-20201203153454-ce91f7bf2f05/go.mod h1:dvjGTirUha9gnw1Mmic4zNzAlbHA2nEVnBBbQeyJOds=
github.com/BGrewell/go-execute v0.0.0-20201203153829-8ab6520f3721 h1:7ZVNQRFqIuJkuE7/qGTMc6iQwhTMf2p6xwuZ9MajJT4=
github.com/BGrewell/go-execute v0.0.0-20201203153829-8ab6520f3721/go.mod h1:Ec37R5hpbuGAbOC8gOpwyeI5h4B4289AwHoDDOcQsNU=
github.com/BGrewell/go-execute v0.0.0-20201203155726-b7c037ebde49 h1:HV+WdlqXjmzP59lhgb100vTSIcDuKuLmK11KdnPY0cg=
github.com/BGrewell/go-execute v0.0.0-20201203155726-b7c037ebde49/go.mod h1:vQZr3vuuuKuknvi74K22ne7NzOlwKTPKXOFMVr9Qa6A=
github.com/davecgh/go-spew v1.1.1 h1:vj9j/u1bqnvCEfJOwUhtlOARqs3+rkHYY13jYWTU97c=
github.com/davecgh/go-spew v1.1.1/go.mod h1:J7Y8YcW2NihsgmVo/mv3lAwl/skON4iLHjSsI+c5H38=
github.com/pmezard/go-difflib v1.0.0 h1:4DBwDE0NGyQoBHbLQYPwSUPoCMWR5BEzIk/f1lZbAQM=
github.com/pmezard/go-difflib v1.0.0/go.mod h1:iKH77koFhYxTK1pcRnkKkqfTogsbg7gZNVY4sRDYZ/4=
github.com/sirupsen/logrus v1.7.0 h1:ShrD1U9pZB12TX0cVy0DtePoCH97K8EtX+mg7ZARUtM=
github.com/sirupsen/logrus v1.7.0/go.mod h1:yWOB1SBYBC5VeMP7gHvWumXLIWorT60ONWic61uBYv0=
github.com/stretchr/testify v1.2.2 h1:bSDNvY7ZPG5RlJ8otE/7V6gMiyenm9RtJ7IUVIAoJ1w=
github.com/stretchr/testify v1.2.2/go.mod h1:a8OnRcib4nhh0OaRAV+Yts87kKdq0PP7pXfy6kDkUVs=
golang.org/x/sys v0.0.0-20191026070338-33540a1f6037 h1:YyJpGZS1sBuBCzLAR1VEpK193GlqGZbnPFnPV/5Rsb4=
golang.org/x/sys v0.0.0-20191026070338-33540a1f6037/go.mod h1:h1NjWce9XRLGQEsW7wpKNCjG9DtNlClVuFLEZdDNbEs=
golang.org/x/sys v0.0.0-20201201145000-ef89a241ccb3 h1:kzM6+9dur93BcC2kVlYl34cHU+TYZLanmpSJHVMmL64=
golang.org/x/sys v0.0.0-20201201145000-ef89a241ccb3/go.mod h1:h1NjWce9XRLGQEsW7wpKNCjG9DtNlClVuFLEZdDNbEs=
golang.org/x/sys v0.0.0-20201202213521-69691e467435 h1:25AvDqqB9PrNqj1FLf2/70I4W0L19qqoaFq3gjNwbKk=
golang.org/x/sys v0.0.0-20201202213521-69691e467435/go.mod h1:h1NjWce9XRLGQEsW7wpKNCjG9DtNlClVuFLEZdDNbEs=
